<?xml version="1.0" encoding="UTF-8" standalone="yes" ?>
<CodeBlocks_project_file>
	<FileVersion major="1" minor="6" />
	<Project>
		<Option title="Simulare" />
		<Option pch_mode="2" />
		<Option compiler="gcc" />
		<Build>
			<Target title="Debug">
				<Option output="bin/Debug/Simulare" prefix_auto="1" extension_auto="1" />
				<Option object_output="obj/Debug/" />
				<Option type="1" />
				<Option compiler="gcc" />
				<Compiler>
					<Add option="-g" />
					<Add directory="include" />
				</Compiler>
			</Target>
			<Target title="Release">
				<Option output="bin/Release/Simulare" prefix_auto="1" extension_auto="1" />
				<Option object_output="obj/Release/" />
				<Option type="1" />
				<Option compiler="gcc" />
				<Compiler>
					<Add option="-O2" />
					<Add directory="include" />
				</Compiler>
				<Linker>
					<Add option="-s" />
				</Linker>
			</Target>
		</Build>
		<Compiler>
			<Add option="-Wall" />
			<Add option="-fexceptions" />
		</Compiler>
		<Unit filename="include/Carte.h" />
		<Unit filename="include/Colectie.h" />
		<Unit filename="include/Colectie_Poster.h" />
		<Unit filename="include/Colectie_figurina.h" />
		<Unit filename="include/Dvd.h" />
		<Unit filename="include/Dvd_Muzica.h" />
		<Unit filename="include/Dvd_film.h" />
		<Unit filename="include/Produs.h" />
		<Unit filename="include/TestChild.h" />
		<Unit filename="include/TestChild2.h" />
		<Unit filename="include/TestParent.h" />
		<Unit filename="include/TestParent2.h" />
		<Unit filename="main.cpp" />
		<Unit filename="src/Carte.cpp" />
		<Unit filename="src/Colectie.cpp" />
		<Unit filename="src/Colectie_Poster.cpp" />
		<Unit filename="src/Colectie_figurina.cpp" />
		<Unit filename="src/Dvd.cpp" />
		<Unit filename="src/Dvd_Muzica.cpp" />
		<Unit filename="src/Dvd_film.cpp" />
		<Unit filename="src/Produs.cpp" />
		<Unit filename="src/TestChild.cpp" />
		<Unit filename="src/TestChild2.cpp" />
		<Unit filename="src/TestParent.cpp" />
		<Unit filename="src/TestParent2.cpp" />
		<Extensions />
	</Project>
</CodeBlocks_project_file>
